
Microsoft Visual Studio Solution File, Format Version 12.00
# Visual Studio Version 17
VisualStudioVersion = 17.1.32414.318
MinimumVisualStudioVersion = 10.0.40219.1
Project("{FAE04EC0-301F-11D3-BF4B-00C04F79EFBC}") = "EmployeeData", "EmployeeData\EmployeeData.csproj", "{47C0BDE0-E8F3-463A-B448-854AC0A79FDA}"
EndProject
Global
	GlobalSection(SolutionConfigurationPlatforms) = preSolution
		Debug|Any CPU = Debug|Any CPU
		Release|Any CPU = Release|Any CPU
	EndGlobalSection
	GlobalSection(ProjectConfigurationPlatforms) = postSolution
		{47C0BDE0-E8F3-463A-B448-854AC0A79FDA}.Debug|Any CPU.ActiveCfg = Debug|Any CPU
		{47C0BDE0-E8F3-463A-B448-854AC0A79FDA}.Debug|Any CPU.Build.0 = Debug|Any CPU
		{47C0BDE0-E8F3-463A-B448-854AC0A79FDA}.Release|Any CPU.ActiveCfg = Release|Any CPU
		{47C0BDE0-E8F3-463A-B448-854AC0A79FDA}.Release|Any CPU.Build.0 = Release|Any CPU
	EndGlobalSection
	GlobalSection(SolutionProperties) = preSolution
		HideSolutionNode = FALSE
	EndGlobalSection
	GlobalSection(ExtensibilityGlobals) = postSolution
		SolutionGuid = {03C1F09A-FC80-4CB5-BCA7-8EAE80305151}
	EndGlobalSection
EndGlobal
